
Microsoft Visual Studio Solution File, Format Version 12.00
# Visual Studio Version 17
VisualStudioVersion = 17.5.33530.505
MinimumVisualStudioVersion = 10.0.40219.1
Project("{FAE04EC0-301F-11D3-BF4B-00C04F79EFBC}") = "Sratic", "Sratic\Sratic.csproj", "{81E3E180-F1BD-4473-8442-C907430CA747}"
EndProject
Global
	GlobalSection(SolutionConfigurationPlatforms) = preSolution
		Debug|Any CPU = Debug|Any CPU
		Release|Any CPU = Release|Any CPU
	EndGlobalSection
	GlobalSection(ProjectConfigurationPlatforms) = postSolution
		{81E3E180-F1BD-4473-8442-C907430CA747}.Debug|Any CPU.ActiveCfg = Debug|Any CPU
		{81E3E180-F1BD-4473-8442-C907430CA747}.Debug|Any CPU.Build.0 = Debug|Any CPU
		{81E3E180-F1BD-4473-8442-C907430CA747}.Release|Any CPU.ActiveCfg = Release|Any CPU
		{81E3E180-F1BD-4473-8442-C907430CA747}.Release|Any CPU.Build.0 = Release|Any CPU
	EndGlobalSection
	GlobalSection(SolutionProperties) = preSolution
		HideSolutionNode = FALSE
	EndGlobalSection
	GlobalSection(ExtensibilityGlobals) = postSolution
		SolutionGuid = {78B72732-FFB6-4BBD-959C-36F35C769A0D}
	EndGlobalSection
EndGlobal
